Microsoft Visual Studio Solution File, Format Version 12.00
# Visual Studio 2012
Project("{FAE04EC0-301F-11D3-BF4B-00C04F79EFBC}") = "Prison", "Prison.csproj", "{D1F5B825-D133-4224-9EDD-416C5B2E0F95}"
EndProject
Global
	GlobalSection(SolutionConfigurationPlatforms) = preSolution
	Debug|Any CPU = Debug|Any CPU
	ExportDebug|Any CPU = ExportDebug|Any CPU
	ExportRelease|Any CPU = ExportRelease|Any CPU
	EndGlobalSection
	GlobalSection(ProjectConfigurationPlatforms) = postSolution
		{D1F5B825-D133-4224-9EDD-416C5B2E0F95}.Debug|Any CPU.ActiveCfg = Debug|Any CPU
		{D1F5B825-D133-4224-9EDD-416C5B2E0F95}.Debug|Any CPU.Build.0 = Debug|Any CPU
		{D1F5B825-D133-4224-9EDD-416C5B2E0F95}.ExportDebug|Any CPU.ActiveCfg = ExportDebug|Any CPU
		{D1F5B825-D133-4224-9EDD-416C5B2E0F95}.ExportDebug|Any CPU.Build.0 = ExportDebug|Any CPU
		{D1F5B825-D133-4224-9EDD-416C5B2E0F95}.ExportRelease|Any CPU.ActiveCfg = ExportRelease|Any CPU
		{D1F5B825-D133-4224-9EDD-416C5B2E0F95}.ExportRelease|Any CPU.Build.0 = ExportRelease|Any CPU
	EndGlobalSection
EndGlobal
